
Microsoft Visual Studio Solution File, Format Version 12.00
# Visual Studio Version 16
VisualStudioVersion = 16.0.29905.134
MinimumVisualStudioVersion = 10.0.40219.1
Project("{9A19103F-16F7-4668-BE54-9A1E7A4F7556}") = "Bytehive", "Bytehive\Bytehive.csproj", "{DC4ACB1B-92D8-4C1B-91A2-789BF3D16B22}"
EndProject
Project("{9A19103F-16F7-4668-BE54-9A1E7A4F7556}") = "Bytehive.Data", "Bytehive.Data\Bytehive.Data.csproj", "{72E6648A-D93A-420E-AF91-7296F71C253A}"
EndProject
Project("{9A19103F-16F7-4668-BE54-9A1E7A4F7556}") = "Bytehive.Services", "Bytehive.Services\Bytehive.Services.csproj", "{369D886E-B50D-4554-BF70-8AFE1713FD44}"
EndProject
Project("{9A19103F-16F7-4668-BE54-9A1E7A4F7556}") = "Bytehive.Notifications", "Bytehive.Notifications\Bytehive.Notifications.csproj", "{028B9387-A1CB-49C0-AF55-04F6B6AEF618}"
EndProject
Project("{9A19103F-16F7-4668-BE54-9A1E7A4F7556}") = "Bytehive.Scraper", "Bytehive.Scraper\Bytehive.Scraper.csproj", "{70CF752E-DE80-45C3-9748-E13DD59D4E9F}"
EndProject
Project("{FAE04EC0-301F-11D3-BF4B-00C04F79EFBC}") = "Bytehive.Storage", "Bytehive.Storage\Bytehive.Storage.csproj", "{5A43542B-E644-406E-823F-00E36819F5CB}"
EndProject
Global
	GlobalSection(SolutionConfigurationPlatforms) = preSolution
		Debug|Any CPU = Debug|Any CPU
		Release|Any CPU = Release|Any CPU
	EndGlobalSection
	GlobalSection(ProjectConfigurationPlatforms) = postSolution
		{DC4ACB1B-92D8-4C1B-91A2-789BF3D16B22}.Debug|Any CPU.ActiveCfg = Debug|Any CPU
		{DC4ACB1B-92D8-4C1B-91A2-789BF3D16B22}.Debug|Any CPU.Build.0 = Debug|Any CPU
		{DC4ACB1B-92D8-4C1B-91A2-789BF3D16B22}.Release|Any CPU.ActiveCfg = Release|Any CPU
		{DC4ACB1B-92D8-4C1B-91A2-789BF3D16B22}.Release|Any CPU.Build.0 = Release|Any CPU
		{72E6648A-D93A-420E-AF91-7296F71C253A}.Debug|Any CPU.ActiveCfg = Debug|Any CPU
		{72E6648A-D93A-420E-AF91-7296F71C253A}.Debug|Any CPU.Build.0 = Debug|Any CPU
		{72E6648A-D93A-420E-AF91-7296F71C253A}.Release|Any CPU.ActiveCfg = Release|Any CPU
		{72E6648A-D93A-420E-AF91-7296F71C253A}.Release|Any CPU.Build.0 = Release|Any CPU
		{369D886E-B50D-4554-BF70-8AFE1713FD44}.Debug|Any CPU.ActiveCfg = Debug|Any CPU
		{369D886E-B50D-4554-BF70-8AFE1713FD44}.Debug|Any CPU.Build.0 = Debug|Any CPU
		{369D886E-B50D-4554-BF70-8AFE1713FD44}.Release|Any CPU.ActiveCfg = Release|Any CPU
		{369D886E-B50D-4554-BF70-8AFE1713FD44}.Release|Any CPU.Build.0 = Release|Any CPU
		{028B9387-A1CB-49C0-AF55-04F6B6AEF618}.Debug|Any CPU.ActiveCfg = Debug|Any CPU
		{028B9387-A1CB-49C0-AF55-04F6B6AEF618}.Debug|Any CPU.Build.0 = Debug|Any CPU
		{028B9387-A1CB-49C0-AF55-04F6B6AEF618}.Release|Any CPU.ActiveCfg = Release|Any CPU
		{028B9387-A1CB-49C0-AF55-04F6B6AEF618}.Release|Any CPU.Build.0 = Release|Any CPU
		{70CF752E-DE80-45C3-9748-E13DD59D4E9F}.Debug|Any CPU.ActiveCfg = Debug|Any CPU
		{70CF752E-DE80-45C3-9748-E13DD59D4E9F}.Debug|Any CPU.Build.0 = Debug|Any CPU
		{70CF752E-DE80-45C3-9748-E13DD59D4E9F}.Release|Any CPU.ActiveCfg = Release|Any CPU
		{70CF752E-DE80-45C3-9748-E13DD59D4E9F}.Release|Any CPU.Build.0 = Release|Any CPU
		{5A43542B-E644-406E-823F-00E36819F5CB}.Debug|Any CPU.ActiveCfg = Debug|Any CPU
		{5A43542B-E644-406E-823F-00E36819F5CB}.Debug|Any CPU.Build.0 = Debug|Any CPU
		{5A43542B-E644-406E-823F-00E36819F5CB}.Release|Any CPU.ActiveCfg = Release|Any CPU
		{5A43542B-E644-406E-823F-00E36819F5CB}.Release|Any CPU.Build.0 = Release|Any CPU
	EndGlobalSection
	GlobalSection(SolutionProperties) = preSolution
		HideSolutionNode = FALSE
	EndGlobalSection
	GlobalSection(ExtensibilityGlobals) = postSolution
		SolutionGuid = {F6F87D8C-9C0E-42C1-AC70-AFF301EB6CF5}
	EndGlobalSection
EndGlobal
